
Microsoft Visual Studio Solution File, Format Version 12.00
# Visual Studio Version 17
VisualStudioVersion = 17.13.35931.197
MinimumVisualStudioVersion = 10.0.40219.1
Project("{2150E333-8FDC-42A3-9474-1A3956D46DE8}") = "1. Variables", "1. Variables", "{02EA681E-C7D8-13C7-8484-4AC65E1B71E8}"
EndProject
Project("{FAE04EC0-301F-11D3-BF4B-00C04F79EFBC}") = "BasicVariables", "BasicVariables\BasicVariables.csproj", "{EEA0634C-DB1C-402F-9AB7-F28079511A2F}"
EndProject
Project("{FAE04EC0-301F-11D3-BF4B-00C04F79EFBC}") = "dataTypesCasting", "dataTypesCasting\dataTypesCasting.csproj", "{E39310B3-98DF-414B-BA2E-A8EB9E466062}"
EndProject
Project("{FAE04EC0-301F-11D3-BF4B-00C04F79EFBC}") = "ConstantVariables", "ConstantVariables\ConstantVariables.csproj", "{2CC2B08B-8CA2-4D72-B6D6-762FB112494E}"
EndProject
Project("{FAE04EC0-301F-11D3-BF4B-00C04F79EFBC}") = "BooleanVote", "BooleanVote\BooleanVote.csproj", "{311D8C7F-D011-4307-81E2-AD559E93DDE1}"
EndProject
Project("{2150E333-8FDC-42A3-9474-1A3956D46DE8}") = "Operators", "Operators", "{F1D3E81E-7293-4BF6-A875-0FDF0A51DC23}"
EndProject
Project("{FAE04EC0-301F-11D3-BF4B-00C04F79EFBC}") = "SimpleCalculator", "SimpleCalculator\SimpleCalculator.csproj", "{1C0F7D58-D6CA-44D3-B9DA-91A459099550}"
EndProject
Project("{FAE04EC0-301F-11D3-BF4B-00C04F79EFBC}") = "AssignmentCounter", "AssignmentCounter\AssignmentCounter.csproj", "{9C0C7473-7F17-4E0F-A597-D87C397A4B78}"
EndProject
Project("{FAE04EC0-301F-11D3-BF4B-00C04F79EFBC}") = "CompareNumber", "CompareNumber\CompareNumber.csproj", "{AC06FBFC-60C1-4982-9133-D542704B3B90}"
EndProject
Project("{FAE04EC0-301F-11D3-BF4B-00C04F79EFBC}") = "ComparePassword", "ComparePassword\ComparePassword.csproj", "{67544F64-C25F-420D-83D2-1D8F86877A5D}"
EndProject
Project("{FAE04EC0-301F-11D3-BF4B-00C04F79EFBC}") = "LogicInRange", "LogicInRange\LogicInRange.csproj", "{471B7982-9B6B-492F-9BC6-201C0F91BA97}"
EndProject
Project("{FAE04EC0-301F-11D3-BF4B-00C04F79EFBC}") = "LogicPass", "LogicPass\LogicPass.csproj", "{7D734137-4FD3-4AFF-9671-11E4FA23AE75}"
EndProject
Project("{FAE04EC0-301F-11D3-BF4B-00C04F79EFBC}") = "TernaryMaximum", "TernaryMaximum\TernaryMaximum.csproj", "{C5ACDFA0-3CF5-4CDB-B307-F222343E9109}"
EndProject
Project("{FAE04EC0-301F-11D3-BF4B-00C04F79EFBC}") = "NullCoalescingOperator", "NullCoalescingOperator\NullCoalescingOperator.csproj", "{9692A3F2-666F-4D89-B54F-34C9F6A45A41}"
EndProject
Global
	GlobalSection(SolutionConfigurationPlatforms) = preSolution
		Debug|Any CPU = Debug|Any CPU
		Release|Any CPU = Release|Any CPU
	EndGlobalSection
	GlobalSection(ProjectConfigurationPlatforms) = postSolution
		{EEA0634C-DB1C-402F-9AB7-F28079511A2F}.Debug|Any CPU.ActiveCfg = Debug|Any CPU
		{EEA0634C-DB1C-402F-9AB7-F28079511A2F}.Debug|Any CPU.Build.0 = Debug|Any CPU
		{EEA0634C-DB1C-402F-9AB7-F28079511A2F}.Release|Any CPU.ActiveCfg = Release|Any CPU
		{EEA0634C-DB1C-402F-9AB7-F28079511A2F}.Release|Any CPU.Build.0 = Release|Any CPU
		{E39310B3-98DF-414B-BA2E-A8EB9E466062}.Debug|Any CPU.ActiveCfg = Debug|Any CPU
		{E39310B3-98DF-414B-BA2E-A8EB9E466062}.Debug|Any CPU.Build.0 = Debug|Any CPU
		{E39310B3-98DF-414B-BA2E-A8EB9E466062}.Release|Any CPU.ActiveCfg = Release|Any CPU
		{E39310B3-98DF-414B-BA2E-A8EB9E466062}.Release|Any CPU.Build.0 = Release|Any CPU
		{2CC2B08B-8CA2-4D72-B6D6-762FB112494E}.Debug|Any CPU.ActiveCfg = Debug|Any CPU
		{2CC2B08B-8CA2-4D72-B6D6-762FB112494E}.Debug|Any CPU.Build.0 = Debug|Any CPU
		{2CC2B08B-8CA2-4D72-B6D6-762FB112494E}.Release|Any CPU.ActiveCfg = Release|Any CPU
		{2CC2B08B-8CA2-4D72-B6D6-762FB112494E}.Release|Any CPU.Build.0 = Release|Any CPU
		{311D8C7F-D011-4307-81E2-AD559E93DDE1}.Debug|Any CPU.ActiveCfg = Debug|Any CPU
		{311D8C7F-D011-4307-81E2-AD559E93DDE1}.Debug|Any CPU.Build.0 = Debug|Any CPU
		{311D8C7F-D011-4307-81E2-AD559E93DDE1}.Release|Any CPU.ActiveCfg = Release|Any CPU
		{311D8C7F-D011-4307-81E2-AD559E93DDE1}.Release|Any CPU.Build.0 = Release|Any CPU
		{1C0F7D58-D6CA-44D3-B9DA-91A459099550}.Debug|Any CPU.ActiveCfg = Debug|Any CPU
		{1C0F7D58-D6CA-44D3-B9DA-91A459099550}.Debug|Any CPU.Build.0 = Debug|Any CPU
		{1C0F7D58-D6CA-44D3-B9DA-91A459099550}.Release|Any CPU.ActiveCfg = Release|Any CPU
		{1C0F7D58-D6CA-44D3-B9DA-91A459099550}.Release|Any CPU.Build.0 = Release|Any CPU
		{9C0C7473-7F17-4E0F-A597-D87C397A4B78}.Debug|Any CPU.ActiveCfg = Debug|Any CPU
		{9C0C7473-7F17-4E0F-A597-D87C397A4B78}.Debug|Any CPU.Build.0 = Debug|Any CPU
		{9C0C7473-7F17-4E0F-A597-D87C397A4B78}.Release|Any CPU.ActiveCfg = Release|Any CPU
		{9C0C7473-7F17-4E0F-A597-D87C397A4B78}.Release|Any CPU.Build.0 = Release|Any CPU
		{AC06FBFC-60C1-4982-9133-D542704B3B90}.Debug|Any CPU.ActiveCfg = Debug|Any CPU
		{AC06FBFC-60C1-4982-9133-D542704B3B90}.Debug|Any CPU.Build.0 = Debug|Any CPU
		{AC06FBFC-60C1-4982-9133-D542704B3B90}.Release|Any CPU.ActiveCfg = Release|Any CPU
		{AC06FBFC-60C1-4982-9133-D542704B3B90}.Release|Any CPU.Build.0 = Release|Any CPU
		{67544F64-C25F-420D-83D2-1D8F86877A5D}.Debug|Any CPU.ActiveCfg = Debug|Any CPU
		{67544F64-C25F-420D-83D2-1D8F86877A5D}.Debug|Any CPU.Build.0 = Debug|Any CPU
		{67544F64-C25F-420D-83D2-1D8F86877A5D}.Release|Any CPU.ActiveCfg = Release|Any CPU
		{67544F64-C25F-420D-83D2-1D8F86877A5D}.Release|Any CPU.Build.0 = Release|Any CPU
		{471B7982-9B6B-492F-9BC6-201C0F91BA97}.Debug|Any CPU.ActiveCfg = Debug|Any CPU
		{471B7982-9B6B-492F-9BC6-201C0F91BA97}.Debug|Any CPU.Build.0 = Debug|Any CPU
		{471B7982-9B6B-492F-9BC6-201C0F91BA97}.Release|Any CPU.ActiveCfg = Release|Any CPU
		{471B7982-9B6B-492F-9BC6-201C0F91BA97}.Release|Any CPU.Build.0 = Release|Any CPU
		{7D734137-4FD3-4AFF-9671-11E4FA23AE75}.Debug|Any CPU.ActiveCfg = Debug|Any CPU
		{7D734137-4FD3-4AFF-9671-11E4FA23AE75}.Debug|Any CPU.Build.0 = Debug|Any CPU
		{7D734137-4FD3-4AFF-9671-11E4FA23AE75}.Release|Any CPU.ActiveCfg = Release|Any CPU
		{7D734137-4FD3-4AFF-9671-11E4FA23AE75}.Release|Any CPU.Build.0 = Release|Any CPU
		{C5ACDFA0-3CF5-4CDB-B307-F222343E9109}.Debug|Any CPU.ActiveCfg = Debug|Any CPU
		{C5ACDFA0-3CF5-4CDB-B307-F222343E9109}.Debug|Any CPU.Build.0 = Debug|Any CPU
		{C5ACDFA0-3CF5-4CDB-B307-F222343E9109}.Release|Any CPU.ActiveCfg = Release|Any CPU
		{C5ACDFA0-3CF5-4CDB-B307-F222343E9109}.Release|Any CPU.Build.0 = Release|Any CPU
		{9692A3F2-666F-4D89-B54F-34C9F6A45A41}.Debug|Any CPU.ActiveCfg = Debug|Any CPU
		{9692A3F2-666F-4D89-B54F-34C9F6A45A41}.Debug|Any CPU.Build.0 = Debug|Any CPU
		{9692A3F2-666F-4D89-B54F-34C9F6A45A41}.Release|Any CPU.ActiveCfg = Release|Any CPU
		{9692A3F2-666F-4D89-B54F-34C9F6A45A41}.Release|Any CPU.Build.0 = Release|Any CPU
	EndGlobalSection
	GlobalSection(SolutionProperties) = preSolution
		HideSolutionNode = FALSE
	EndGlobalSection
	GlobalSection(NestedProjects) = preSolution
		{EEA0634C-DB1C-402F-9AB7-F28079511A2F} = {02EA681E-C7D8-13C7-8484-4AC65E1B71E8}
		{E39310B3-98DF-414B-BA2E-A8EB9E466062} = {02EA681E-C7D8-13C7-8484-4AC65E1B71E8}
		{2CC2B08B-8CA2-4D72-B6D6-762FB112494E} = {02EA681E-C7D8-13C7-8484-4AC65E1B71E8}
		{311D8C7F-D011-4307-81E2-AD559E93DDE1} = {02EA681E-C7D8-13C7-8484-4AC65E1B71E8}
		{1C0F7D58-D6CA-44D3-B9DA-91A459099550} = {F1D3E81E-7293-4BF6-A875-0FDF0A51DC23}
		{9C0C7473-7F17-4E0F-A597-D87C397A4B78} = {F1D3E81E-7293-4BF6-A875-0FDF0A51DC23}
		{AC06FBFC-60C1-4982-9133-D542704B3B90} = {F1D3E81E-7293-4BF6-A875-0FDF0A51DC23}
		{67544F64-C25F-420D-83D2-1D8F86877A5D} = {F1D3E81E-7293-4BF6-A875-0FDF0A51DC23}
		{471B7982-9B6B-492F-9BC6-201C0F91BA97} = {F1D3E81E-7293-4BF6-A875-0FDF0A51DC23}
		{7D734137-4FD3-4AFF-9671-11E4FA23AE75} = {F1D3E81E-7293-4BF6-A875-0FDF0A51DC23}
		{C5ACDFA0-3CF5-4CDB-B307-F222343E9109} = {F1D3E81E-7293-4BF6-A875-0FDF0A51DC23}
		{9692A3F2-666F-4D89-B54F-34C9F6A45A41} = {F1D3E81E-7293-4BF6-A875-0FDF0A51DC23}
	EndGlobalSection
	GlobalSection(ExtensibilityGlobals) = postSolution
		SolutionGuid = {BD240BFE-F612-4D31-B438-DD8F1913314F}
	EndGlobalSection
EndGlobal
